Microsoft Visual Studio Solution File, Format Version 12.00
# Visual Studio Version 17
VisualStudioVersion = 17.5.2.0
MinimumVisualStudioVersion = 10.0.40219.1
Project("{FAE04EC0-301F-11D3-BF4B-00C04F79EFBC}") = "CSWorkBench", "CSWorkBench.csproj", "{358572A2-F4DE-DF4D-9340-9DB16BD7976D}"
EndProject
Global
	GlobalSection(SolutionConfigurationPlatforms) = preSolution
		Debug|Any CPU = Debug|Any CPU
		Release|Any CPU = Release|Any CPU
	EndGlobalSection
	GlobalSection(ProjectConfigurationPlatforms) = postSolution
		{358572A2-F4DE-DF4D-9340-9DB16BD7976D}.Debug|Any CPU.ActiveCfg = Debug|Any CPU
		{358572A2-F4DE-DF4D-9340-9DB16BD7976D}.Debug|Any CPU.Build.0 = Debug|Any CPU
		{358572A2-F4DE-DF4D-9340-9DB16BD7976D}.Release|Any CPU.ActiveCfg = Release|Any CPU
		{358572A2-F4DE-DF4D-9340-9DB16BD7976D}.Release|Any CPU.Build.0 = Release|Any CPU
	EndGlobalSection
	GlobalSection(SolutionProperties) = preSolution
		HideSolutionNode = FALSE
	EndGlobalSection
	GlobalSection(ExtensibilityGlobals) = postSolution
		SolutionGuid = {D384CF7E-E86F-484D-BF28-2A4770A6F444}
	EndGlobalSection
EndGlobal
