Microsoft Visual Studio Solution File, Format Version 12.00
# Visual Studio Version 17
VisualStudioVersion = 17.5.2.0
MinimumVisualStudioVersion = 10.0.40219.1
Project("{FAE04EC0-301F-11D3-BF4B-00C04F79EFBC}") = "CSWorkBench", "CSWorkBench.csproj", "{C884939A-99DB-F80A-FAC6-89A458D5EBAE}"
EndProject
Global
	GlobalSection(SolutionConfigurationPlatforms) = preSolution
		Debug|Any CPU = Debug|Any CPU
		Release|Any CPU = Release|Any CPU
	EndGlobalSection
	GlobalSection(ProjectConfigurationPlatforms) = postSolution
		{C884939A-99DB-F80A-FAC6-89A458D5EBAE}.Debug|Any CPU.ActiveCfg = Debug|Any CPU
		{C884939A-99DB-F80A-FAC6-89A458D5EBAE}.Debug|Any CPU.Build.0 = Debug|Any CPU
		{C884939A-99DB-F80A-FAC6-89A458D5EBAE}.Release|Any CPU.ActiveCfg = Release|Any CPU
		{C884939A-99DB-F80A-FAC6-89A458D5EBAE}.Release|Any CPU.Build.0 = Release|Any CPU
	EndGlobalSection
	GlobalSection(SolutionProperties) = preSolution
		HideSolutionNode = FALSE
	EndGlobalSection
	GlobalSection(ExtensibilityGlobals) = postSolution
		SolutionGuid = {39DBB4AA-72A3-4CD7-AB98-76ACD55B24B0}
	EndGlobalSection
EndGlobal
