Microsoft Visual Studio Solution File, Format Version 12.00
# Visual Studio Version 17
VisualStudioVersion = 17.5.2.0
MinimumVisualStudioVersion = 10.0.40219.1
Project("{FAE04EC0-301F-11D3-BF4B-00C04F79EFBC}") = "CSWorkBenchTest", "CSWorkBenchTest.csproj", "{9E92CF0A-A765-F1FF-589F-93DB32E4F5D9}"
EndProject
Global
	GlobalSection(SolutionConfigurationPlatforms) = preSolution
		Debug|Any CPU = Debug|Any CPU
		Release|Any CPU = Release|Any CPU
	EndGlobalSection
	GlobalSection(ProjectConfigurationPlatforms) = postSolution
		{9E92CF0A-A765-F1FF-589F-93DB32E4F5D9}.Debug|Any CPU.ActiveCfg = Debug|Any CPU
		{9E92CF0A-A765-F1FF-589F-93DB32E4F5D9}.Debug|Any CPU.Build.0 = Debug|Any CPU
		{9E92CF0A-A765-F1FF-589F-93DB32E4F5D9}.Release|Any CPU.ActiveCfg = Release|Any CPU
		{9E92CF0A-A765-F1FF-589F-93DB32E4F5D9}.Release|Any CPU.Build.0 = Release|Any CPU
	EndGlobalSection
	GlobalSection(SolutionProperties) = preSolution
		HideSolutionNode = FALSE
	EndGlobalSection
	GlobalSection(ExtensibilityGlobals) = postSolution
		SolutionGuid = {0653C96D-EEC2-46DE-B81E-2FEDE5F6DE5F}
	EndGlobalSection
EndGlobal
